
Microsoft Visual Studio Solution File, Format Version 12.00
# Visual Studio Version 17
VisualStudioVersion = 17.3.32901.215
MinimumVisualStudioVersion = 10.0.40219.1
Project("{2150E333-8FDC-42A3-9474-1A3956D46DE8}") = "CoreLayer", "CoreLayer", "{1F9BC6EE-185A-4D1E-8516-7D608CF8EA7C}"
EndProject
Project("{2150E333-8FDC-42A3-9474-1A3956D46DE8}") = "DataAccessLayer", "DataAccessLayer", "{41633D59-F0CF-454B-843C-4592ED03C16D}"
EndProject
Project("{2150E333-8FDC-42A3-9474-1A3956D46DE8}") = "BusinessLayer", "BusinessLayer", "{0BAED236-2170-4466-AF07-DD0F11EE772A}"
EndProject
Project("{2150E333-8FDC-42A3-9474-1A3956D46DE8}") = "WebAPI", "WebAPI", "{E57285A8-D3AC-480B-8D2C-4346CEAD21CC}"
EndProject
Project("{FAE04EC0-301F-11D3-BF4B-00C04F79EFBC}") = "ExpenseTracker.Case.CoreLayer", "src\ExpenseTracker.Case.CoreLayer\ExpenseTracker.Case.CoreLayer.csproj", "{D6BF2357-3E32-4095-A48C-881A9F86A91B}"
EndProject
Project("{FAE04EC0-301F-11D3-BF4B-00C04F79EFBC}") = "ExpenseTracker.Case.DataAccessLayer", "src\ExpenseTracker.Case.DataAccessLayer\ExpenseTracker.Case.DataAccessLayer.csproj", "{776A5775-C5F4-44DF-A479-C870AB8240FA}"
EndProject
Project("{FAE04EC0-301F-11D3-BF4B-00C04F79EFBC}") = "ExpenseTracker.Case.BusinessLayer", "src\ExpenseTracker.Case.BusinessLayer\ExpenseTracker.Case.BusinessLayer.csproj", "{86EE48C6-5F8D-4350-BFE1-AB5DD8EC9B46}"
EndProject
Project("{FAE04EC0-301F-11D3-BF4B-00C04F79EFBC}") = "ExpenseTracker.Case.WebAPI", "src\ExpenseTracker.Case.WebAPI\ExpenseTracker.Case.WebAPI.csproj", "{EB3608C4-3219-4934-9655-15BF61E001F0}"
EndProject
Global
	GlobalSection(SolutionConfigurationPlatforms) = preSolution
		Debug|Any CPU = Debug|Any CPU
		Release|Any CPU = Release|Any CPU
	EndGlobalSection
	GlobalSection(ProjectConfigurationPlatforms) = postSolution
		{D6BF2357-3E32-4095-A48C-881A9F86A91B}.Debug|Any CPU.ActiveCfg = Debug|Any CPU
		{D6BF2357-3E32-4095-A48C-881A9F86A91B}.Debug|Any CPU.Build.0 = Debug|Any CPU
		{D6BF2357-3E32-4095-A48C-881A9F86A91B}.Release|Any CPU.ActiveCfg = Release|Any CPU
		{D6BF2357-3E32-4095-A48C-881A9F86A91B}.Release|Any CPU.Build.0 = Release|Any CPU
		{776A5775-C5F4-44DF-A479-C870AB8240FA}.Debug|Any CPU.ActiveCfg = Debug|Any CPU
		{776A5775-C5F4-44DF-A479-C870AB8240FA}.Debug|Any CPU.Build.0 = Debug|Any CPU
		{776A5775-C5F4-44DF-A479-C870AB8240FA}.Release|Any CPU.ActiveCfg = Release|Any CPU
		{776A5775-C5F4-44DF-A479-C870AB8240FA}.Release|Any CPU.Build.0 = Release|Any CPU
		{86EE48C6-5F8D-4350-BFE1-AB5DD8EC9B46}.Debug|Any CPU.ActiveCfg = Debug|Any CPU
		{86EE48C6-5F8D-4350-BFE1-AB5DD8EC9B46}.Debug|Any CPU.Build.0 = Debug|Any CPU
		{86EE48C6-5F8D-4350-BFE1-AB5DD8EC9B46}.Release|Any CPU.ActiveCfg = Release|Any CPU
		{86EE48C6-5F8D-4350-BFE1-AB5DD8EC9B46}.Release|Any CPU.Build.0 = Release|Any CPU
		{EB3608C4-3219-4934-9655-15BF61E001F0}.Debug|Any CPU.ActiveCfg = Debug|Any CPU
		{EB3608C4-3219-4934-9655-15BF61E001F0}.Debug|Any CPU.Build.0 = Debug|Any CPU
		{EB3608C4-3219-4934-9655-15BF61E001F0}.Release|Any CPU.ActiveCfg = Release|Any CPU
		{EB3608C4-3219-4934-9655-15BF61E001F0}.Release|Any CPU.Build.0 = Release|Any CPU
	EndGlobalSection
	GlobalSection(SolutionProperties) = preSolution
		HideSolutionNode = FALSE
	EndGlobalSection
	GlobalSection(NestedProjects) = preSolution
		{D6BF2357-3E32-4095-A48C-881A9F86A91B} = {1F9BC6EE-185A-4D1E-8516-7D608CF8EA7C}
		{776A5775-C5F4-44DF-A479-C870AB8240FA} = {41633D59-F0CF-454B-843C-4592ED03C16D}
		{86EE48C6-5F8D-4350-BFE1-AB5DD8EC9B46} = {0BAED236-2170-4466-AF07-DD0F11EE772A}
		{EB3608C4-3219-4934-9655-15BF61E001F0} = {E57285A8-D3AC-480B-8D2C-4346CEAD21CC}
	EndGlobalSection
	GlobalSection(ExtensibilityGlobals) = postSolution
		SolutionGuid = {DA96CD8B-D913-41E9-9BBF-C1CEAC73E7AE}
	EndGlobalSection
EndGlobal
